{
  "name": "check-lionn-libb",
  "version": "1.0.0",
  "lockfileVersion": 2,
  "requires": true,
  "packages": {
    "": {
      "name": "check-lionn-libb",
      "version": "1.0.0",
      "license": "ISC",
      "dependencies": {
        "lionn-libb": "^1.1.0"
      }
    },
    "node_modules/lionn-libb": {
      "version": "1.1.0",
      "resolved": "https://registry.npmjs.org/lionn-libb/-/lionn-libb-1.1.0.tgz",
      "integrity": "sha512-wcrzBZAI3pWAcOcviaSDhGC+8LT4m8olvJoT/ANSfUul0r81CHWYF8xCYS/pzWyqR6CwdCfM3mt/7DtoXxx+Xw=="
    }
  },
  "dependencies": {
    "lionn-libb": {
      "version": "1.1.0",
      "resolved": "https://registry.npmjs.org/lionn-libb/-/lionn-libb-1.1.0.tgz",
      "integrity": "sha512-wcrzBZAI3pWAcOcviaSDhGC+8LT4m8olvJoT/ANSfUul0r81CHWYF8xCYS/pzWyqR6CwdCfM3mt/7DtoXxx+Xw=="
    }
  }
}
